{
  "name": "week4",
  "lockfileVersion": 3,
  "requires": true,
  "packages": {
    "": {
      "dependencies": {
        "length": "^0.0.1"
      }
    },
    "node_modules/length": {
      "version": "0.0.1",
      "resolved": "https://registry.npmjs.org/length/-/length-0.0.1.tgz",
      "integrity": "sha512-cLeTiuxO8osBcSQiiC+p3qCqOiLNBYV/xazkCTH3rfSlKz3++1yVEa2FrH18LP7i81atjTQGw1BOwv0LNionmQ=="
    }
  }
}
